
Microsoft Visual Studio Solution File, Format Version 12.00
# Visual Studio Version 17
VisualStudioVersion = 17.14.36109.1 d17.14
MinimumVisualStudioVersion = 10.0.40219.1
Project("{FAE04EC0-301F-11D3-BF4B-00C04F79EFBC}") = "Calculator", "Calculator\Calculator.csproj", "{C172D32A-8CCA-4759-81AB-922D441B2C4E}"
EndProject
Global
	GlobalSection(SolutionConfigurationPlatforms) = preSolution
		Debug|Any CPU = Debug|Any CPU
		Release|Any CPU = Release|Any CPU
	EndGlobalSection
	GlobalSection(ProjectConfigurationPlatforms) = postSolution
		{C172D32A-8CCA-4759-81AB-922D441B2C4E}.Debug|Any CPU.ActiveCfg = Debug|Any CPU
		{C172D32A-8CCA-4759-81AB-922D441B2C4E}.Debug|Any CPU.Build.0 = Debug|Any CPU
		{C172D32A-8CCA-4759-81AB-922D441B2C4E}.Release|Any CPU.ActiveCfg = Release|Any CPU
		{C172D32A-8CCA-4759-81AB-922D441B2C4E}.Release|Any CPU.Build.0 = Release|Any CPU
	EndGlobalSection
	GlobalSection(SolutionProperties) = preSolution
		HideSolutionNode = FALSE
	EndGlobalSection
	GlobalSection(ExtensibilityGlobals) = postSolution
		SolutionGuid = {31D06A6A-3F30-475F-ACF6-70DD9F204357}
	EndGlobalSection
EndGlobal
